
Microsoft Visual Studio Solution File, Format Version 12.00
# Visual Studio Version 17
VisualStudioVersion = 17.14.37111.16 d17.14
MinimumVisualStudioVersion = 10.0.40219.1
Project("{FAE04EC0-301F-11D3-BF4B-00C04F79EFBC}") = "impicat", "impicat.csproj", "{0177D452-D423-470C-A2EF-A04CAD5C0BB0}"
EndProject
Global
	GlobalSection(SolutionConfigurationPlatforms) = preSolution
		Debug|Any CPU = Debug|Any CPU
		Release|Any CPU = Release|Any CPU
	EndGlobalSection
	GlobalSection(ProjectConfigurationPlatforms) = postSolution
		{0177D452-D423-470C-A2EF-A04CAD5C0BB0}.Debug|Any CPU.ActiveCfg = Debug|Any CPU
		{0177D452-D423-470C-A2EF-A04CAD5C0BB0}.Debug|Any CPU.Build.0 = Debug|Any CPU
		{0177D452-D423-470C-A2EF-A04CAD5C0BB0}.Release|Any CPU.ActiveCfg = Release|Any CPU
		{0177D452-D423-470C-A2EF-A04CAD5C0BB0}.Release|Any CPU.Build.0 = Release|Any CPU
	EndGlobalSection
	GlobalSection(SolutionProperties) = preSolution
		HideSolutionNode = FALSE
	EndGlobalSection
	GlobalSection(ExtensibilityGlobals) = postSolution
		SolutionGuid = {E8D01461-0597-4050-8380-25FC27A0D82D}
	EndGlobalSection
EndGlobal
